
Microsoft Visual Studio Solution File, Format Version 12.00
Project("{FAE04EC0-301F-11D3-BF4B-00C04F79EFBC}") = "IteratorStack", "IteratorStack\IteratorStack.csproj", "{0520753E-41E1-4F08-89BE-029FB5C15452}"
EndProject
Project("{FAE04EC0-301F-11D3-BF4B-00C04F79EFBC}") = "IteratorStack.Tests", "IteratorStack.Tests\IteratorStack.Tests.csproj", "{9E62F09B-1FFD-452F-B7EB-67B2F1896456}"
EndProject
Global
	GlobalSection(SolutionConfigurationPlatforms) = preSolution
		Debug|Any CPU = Debug|Any CPU
		Release|Any CPU = Release|Any CPU
	EndGlobalSection
	GlobalSection(ProjectConfigurationPlatforms) = postSolution
		{0520753E-41E1-4F08-89BE-029FB5C15452}.Debug|Any CPU.ActiveCfg = Debug|Any CPU
		{0520753E-41E1-4F08-89BE-029FB5C15452}.Debug|Any CPU.Build.0 = Debug|Any CPU
		{0520753E-41E1-4F08-89BE-029FB5C15452}.Release|Any CPU.ActiveCfg = Release|Any CPU
		{0520753E-41E1-4F08-89BE-029FB5C15452}.Release|Any CPU.Build.0 = Release|Any CPU
		{9E62F09B-1FFD-452F-B7EB-67B2F1896456}.Debug|Any CPU.ActiveCfg = Debug|Any CPU
		{9E62F09B-1FFD-452F-B7EB-67B2F1896456}.Debug|Any CPU.Build.0 = Debug|Any CPU
		{9E62F09B-1FFD-452F-B7EB-67B2F1896456}.Release|Any CPU.ActiveCfg = Release|Any CPU
		{9E62F09B-1FFD-452F-B7EB-67B2F1896456}.Release|Any CPU.Build.0 = Release|Any CPU
	EndGlobalSection
EndGlobal
